
Microsoft Visual Studio Solution File, Format Version 12.00
# Visual Studio Version 16
VisualStudioVersion = 16.0.30717.126
MinimumVisualStudioVersion = 10.0.40219.1
Project("{9A19103F-16F7-4668-BE54-9A1E7A4F7556}") = "RabbitMQ.Communication", "src\RabbitMQ.Communication\RabbitMQ.Communication.csproj", "{02657C5F-94A3-4282-ADCA-5EF2C6083917}"
EndProject
Project("{9A19103F-16F7-4668-BE54-9A1E7A4F7556}") = "RabbitMQ.Communication.Tests", "tests\RabbitMQ.CommunicationUnitTest\RabbitMQ.Communication.Tests.csproj", "{3FB3E1B4-66AD-4E05-B7D4-8DA5B784A03B}"
EndProject
Project("{2150E333-8FDC-42A3-9474-1A3956D46DE8}") = "Solution Items", "Solution Items", "{833D0E79-F6E7-4214-AB7C-DAF0A754FA46}"
	ProjectSection(SolutionItems) = preProject
		README.md = README.md
	EndProjectSection
EndProject
Global
	GlobalSection(SolutionConfigurationPlatforms) = preSolution
		Debug|Any CPU = Debug|Any CPU
		Release|Any CPU = Release|Any CPU
	EndGlobalSection
	GlobalSection(ProjectConfigurationPlatforms) = postSolution
		{02657C5F-94A3-4282-ADCA-5EF2C6083917}.Debug|Any CPU.ActiveCfg = Debug|Any CPU
		{02657C5F-94A3-4282-ADCA-5EF2C6083917}.Debug|Any CPU.Build.0 = Debug|Any CPU
		{02657C5F-94A3-4282-ADCA-5EF2C6083917}.Release|Any CPU.ActiveCfg = Release|Any CPU
		{02657C5F-94A3-4282-ADCA-5EF2C6083917}.Release|Any CPU.Build.0 = Release|Any CPU
		{3FB3E1B4-66AD-4E05-B7D4-8DA5B784A03B}.Debug|Any CPU.ActiveCfg = Debug|Any CPU
		{3FB3E1B4-66AD-4E05-B7D4-8DA5B784A03B}.Debug|Any CPU.Build.0 = Debug|Any CPU
		{3FB3E1B4-66AD-4E05-B7D4-8DA5B784A03B}.Release|Any CPU.ActiveCfg = Release|Any CPU
		{3FB3E1B4-66AD-4E05-B7D4-8DA5B784A03B}.Release|Any CPU.Build.0 = Release|Any CPU
	EndGlobalSection
	GlobalSection(SolutionProperties) = preSolution
		HideSolutionNode = FALSE
	EndGlobalSection
	GlobalSection(ExtensibilityGlobals) = postSolution
		SolutionGuid = {83E78701-97F2-4139-A014-C1BBD9A9D34C}
	EndGlobalSection
EndGlobal
